
Microsoft Visual Studio Solution File, Format Version 12.00
# Visual Studio 15
VisualStudioVersion = 15.0.28010.2003
MinimumVisualStudioVersion = 10.0.40219.1
Project("{FAE04EC0-301F-11D3-BF4B-00C04F79EFBC}") = "Main", "Main\Main.csproj", "{9314A975-137F-42C2-9A46-09D2857DDB08}"
EndProject
Project("{FAE04EC0-301F-11D3-BF4B-00C04F79EFBC}") = "Singleton", "Singleton\Singleton.csproj", "{451529D1-0CE5-4E92-B857-E095949E8BCB}"
EndProject
Global
	GlobalSection(SolutionConfigurationPlatforms) = preSolution
		Debug|Any CPU = Debug|Any CPU
		Release|Any CPU = Release|Any CPU
	EndGlobalSection
	GlobalSection(ProjectConfigurationPlatforms) = postSolution
		{9314A975-137F-42C2-9A46-09D2857DDB08}.Debug|Any CPU.ActiveCfg = Debug|Any CPU
		{9314A975-137F-42C2-9A46-09D2857DDB08}.Debug|Any CPU.Build.0 = Debug|Any CPU
		{9314A975-137F-42C2-9A46-09D2857DDB08}.Release|Any CPU.ActiveCfg = Release|Any CPU
		{9314A975-137F-42C2-9A46-09D2857DDB08}.Release|Any CPU.Build.0 = Release|Any CPU
		{451529D1-0CE5-4E92-B857-E095949E8BCB}.Debug|Any CPU.ActiveCfg = Debug|Any CPU
		{451529D1-0CE5-4E92-B857-E095949E8BCB}.Debug|Any CPU.Build.0 = Debug|Any CPU
		{451529D1-0CE5-4E92-B857-E095949E8BCB}.Release|Any CPU.ActiveCfg = Release|Any CPU
		{451529D1-0CE5-4E92-B857-E095949E8BCB}.Release|Any CPU.Build.0 = Release|Any CPU
	EndGlobalSection
	GlobalSection(SolutionProperties) = preSolution
		HideSolutionNode = FALSE
	EndGlobalSection
	GlobalSection(ExtensibilityGlobals) = postSolution
		SolutionGuid = {F300F28D-866C-45C7-AFD1-C040F89238C8}
	EndGlobalSection
EndGlobal
